
Microsoft Visual Studio Solution File, Format Version 12.00
# Visual Studio Version 17
VisualStudioVersion = 17.5.33627.172
MinimumVisualStudioVersion = 10.0.40219.1
Project("{FAE04EC0-301F-11D3-BF4B-00C04F79EFBC}") = "PayrollConsole01", "PayrollConsole01\PayrollConsole01.csproj", "{3256A41D-21D3-4D7F-828D-7E8A2BCA5952}"
EndProject
Project("{FAE04EC0-301F-11D3-BF4B-00C04F79EFBC}") = "PayrollConsole02", "PayrollConsole02\PayrollConsole02.csproj", "{602289A8-02A2-45DA-B9A0-9D0933D8AE39}"
EndProject
Project("{FAE04EC0-301F-11D3-BF4B-00C04F79EFBC}") = "PayrollGUI01", "PayrollGUI01\PayrollGUI01.csproj", "{9C6EEA10-7851-4E17-85A7-1DEA0F1C4360}"
EndProject
Project("{FAE04EC0-301F-11D3-BF4B-00C04F79EFBC}") = "PayrollGUI02", "PayrollGUI02\PayrollGUI02.csproj", "{0332FBC3-93A5-4FF4-8834-4C9129DA2F23}"
EndProject
Project("{FAE04EC0-301F-11D3-BF4B-00C04F79EFBC}") = "PayrollConsole03", "PayrollConsole03\PayrollConsole03.csproj", "{7E19D9AF-55AE-46D2-BF7C-0DC070DD026C}"
EndProject
Project("{FAE04EC0-301F-11D3-BF4B-00C04F79EFBC}") = "PayrollGUI03", "PayrollGUI03\PayrollGUI03.csproj", "{2A8E5D62-12C9-45CF-80CF-74A9C6203D33}"
EndProject
Project("{FAE04EC0-301F-11D3-BF4B-00C04F79EFBC}") = "PayrollGUI04", "PayrollGUI04\PayrollGUI04.csproj", "{052C916F-E7B6-4826-89EF-2085690756AF}"
EndProject
Project("{FAE04EC0-301F-11D3-BF4B-00C04F79EFBC}") = "PayrollGUI05", "PayrollGUI05\PayrollGUI05.csproj", "{84B14443-6453-4A55-93A7-D1F75A99AC85}"
EndProject
Project("{FAE04EC0-301F-11D3-BF4B-00C04F79EFBC}") = "PayrollGUI06", "PayrollGUI06\PayrollGUI06.csproj", "{553C2EC4-5973-4195-A16E-7CE1F41BB088}"
EndProject
Project("{FAE04EC0-301F-11D3-BF4B-00C04F79EFBC}") = "PayrollGUI07", "PayrollGUI07\PayrollGUI07.csproj", "{30A209EE-EF09-4246-BB5E-C7BD6A815501}"
EndProject
Global
	GlobalSection(SolutionConfigurationPlatforms) = preSolution
		Debug|Any CPU = Debug|Any CPU
		Release|Any CPU = Release|Any CPU
	EndGlobalSection
	GlobalSection(ProjectConfigurationPlatforms) = postSolution
		{3256A41D-21D3-4D7F-828D-7E8A2BCA5952}.Debug|Any CPU.ActiveCfg = Debug|Any CPU
		{3256A41D-21D3-4D7F-828D-7E8A2BCA5952}.Debug|Any CPU.Build.0 = Debug|Any CPU
		{3256A41D-21D3-4D7F-828D-7E8A2BCA5952}.Release|Any CPU.ActiveCfg = Release|Any CPU
		{3256A41D-21D3-4D7F-828D-7E8A2BCA5952}.Release|Any CPU.Build.0 = Release|Any CPU
		{602289A8-02A2-45DA-B9A0-9D0933D8AE39}.Debug|Any CPU.ActiveCfg = Debug|Any CPU
		{602289A8-02A2-45DA-B9A0-9D0933D8AE39}.Debug|Any CPU.Build.0 = Debug|Any CPU
		{602289A8-02A2-45DA-B9A0-9D0933D8AE39}.Release|Any CPU.ActiveCfg = Release|Any CPU
		{602289A8-02A2-45DA-B9A0-9D0933D8AE39}.Release|Any CPU.Build.0 = Release|Any CPU
		{9C6EEA10-7851-4E17-85A7-1DEA0F1C4360}.Debug|Any CPU.ActiveCfg = Debug|Any CPU
		{9C6EEA10-7851-4E17-85A7-1DEA0F1C4360}.Debug|Any CPU.Build.0 = Debug|Any CPU
		{9C6EEA10-7851-4E17-85A7-1DEA0F1C4360}.Release|Any CPU.ActiveCfg = Release|Any CPU
		{9C6EEA10-7851-4E17-85A7-1DEA0F1C4360}.Release|Any CPU.Build.0 = Release|Any CPU
		{0332FBC3-93A5-4FF4-8834-4C9129DA2F23}.Debug|Any CPU.ActiveCfg = Debug|Any CPU
		{0332FBC3-93A5-4FF4-8834-4C9129DA2F23}.Debug|Any CPU.Build.0 = Debug|Any CPU
		{0332FBC3-93A5-4FF4-8834-4C9129DA2F23}.Release|Any CPU.ActiveCfg = Release|Any CPU
		{0332FBC3-93A5-4FF4-8834-4C9129DA2F23}.Release|Any CPU.Build.0 = Release|Any CPU
		{7E19D9AF-55AE-46D2-BF7C-0DC070DD026C}.Debug|Any CPU.ActiveCfg = Debug|Any CPU
		{7E19D9AF-55AE-46D2-BF7C-0DC070DD026C}.Debug|Any CPU.Build.0 = Debug|Any CPU
		{7E19D9AF-55AE-46D2-BF7C-0DC070DD026C}.Release|Any CPU.ActiveCfg = Release|Any CPU
		{7E19D9AF-55AE-46D2-BF7C-0DC070DD026C}.Release|Any CPU.Build.0 = Release|Any CPU
		{2A8E5D62-12C9-45CF-80CF-74A9C6203D33}.Debug|Any CPU.ActiveCfg = Debug|Any CPU
		{2A8E5D62-12C9-45CF-80CF-74A9C6203D33}.Debug|Any CPU.Build.0 = Debug|Any CPU
		{2A8E5D62-12C9-45CF-80CF-74A9C6203D33}.Release|Any CPU.ActiveCfg = Release|Any CPU
		{2A8E5D62-12C9-45CF-80CF-74A9C6203D33}.Release|Any CPU.Build.0 = Release|Any CPU
		{052C916F-E7B6-4826-89EF-2085690756AF}.Debug|Any CPU.ActiveCfg = Debug|Any CPU
		{052C916F-E7B6-4826-89EF-2085690756AF}.Debug|Any CPU.Build.0 = Debug|Any CPU
		{052C916F-E7B6-4826-89EF-2085690756AF}.Release|Any CPU.ActiveCfg = Release|Any CPU
		{052C916F-E7B6-4826-89EF-2085690756AF}.Release|Any CPU.Build.0 = Release|Any CPU
		{84B14443-6453-4A55-93A7-D1F75A99AC85}.Debug|Any CPU.ActiveCfg = Debug|Any CPU
		{84B14443-6453-4A55-93A7-D1F75A99AC85}.Debug|Any CPU.Build.0 = Debug|Any CPU
		{84B14443-6453-4A55-93A7-D1F75A99AC85}.Release|Any CPU.ActiveCfg = Release|Any CPU
		{84B14443-6453-4A55-93A7-D1F75A99AC85}.Release|Any CPU.Build.0 = Release|Any CPU
		{553C2EC4-5973-4195-A16E-7CE1F41BB088}.Debug|Any CPU.ActiveCfg = Debug|Any CPU
		{553C2EC4-5973-4195-A16E-7CE1F41BB088}.Debug|Any CPU.Build.0 = Debug|Any CPU
		{553C2EC4-5973-4195-A16E-7CE1F41BB088}.Release|Any CPU.ActiveCfg = Release|Any CPU
		{553C2EC4-5973-4195-A16E-7CE1F41BB088}.Release|Any CPU.Build.0 = Release|Any CPU
		{30A209EE-EF09-4246-BB5E-C7BD6A815501}.Debug|Any CPU.ActiveCfg = Debug|Any CPU
		{30A209EE-EF09-4246-BB5E-C7BD6A815501}.Debug|Any CPU.Build.0 = Debug|Any CPU
		{30A209EE-EF09-4246-BB5E-C7BD6A815501}.Release|Any CPU.ActiveCfg = Release|Any CPU
		{30A209EE-EF09-4246-BB5E-C7BD6A815501}.Release|Any CPU.Build.0 = Release|Any CPU
	EndGlobalSection
	GlobalSection(SolutionProperties) = preSolution
		HideSolutionNode = FALSE
	EndGlobalSection
	GlobalSection(ExtensibilityGlobals) = postSolution
		SolutionGuid = {463C0DBE-1E0A-41A9-8547-3D02A079B8EF}
	EndGlobalSection
EndGlobal
